
Microsoft Visual Studio Solution File, Format Version 12.00
# Visual Studio Version 16
VisualStudioVersion = 16.0.30517.126
MinimumVisualStudioVersion = 10.0.40219.1
Project("{FAE04EC0-301F-11D3-BF4B-00C04F79EFBC}") = "TestToDyeFor", "TestToDyeFor\TestToDyeFor.csproj", "{9A0D0AD5-3878-4437-9EE6-5B2117767D4E}"
EndProject
Global
	GlobalSection(SolutionConfigurationPlatforms) = preSolution
		Debug|Any CPU = Debug|Any CPU
		Release|Any CPU = Release|Any CPU
	EndGlobalSection
	GlobalSection(ProjectConfigurationPlatforms) = postSolution
		{9A0D0AD5-3878-4437-9EE6-5B2117767D4E}.Debug|Any CPU.ActiveCfg = Debug|Any CPU
		{9A0D0AD5-3878-4437-9EE6-5B2117767D4E}.Debug|Any CPU.Build.0 = Debug|Any CPU
		{9A0D0AD5-3878-4437-9EE6-5B2117767D4E}.Release|Any CPU.ActiveCfg = Release|Any CPU
		{9A0D0AD5-3878-4437-9EE6-5B2117767D4E}.Release|Any CPU.Build.0 = Release|Any CPU
	EndGlobalSection
	GlobalSection(SolutionProperties) = preSolution
		HideSolutionNode = FALSE
	EndGlobalSection
	GlobalSection(ExtensibilityGlobals) = postSolution
		SolutionGuid = {1650B39F-45D3-43B4-8DC5-76A16F30E36C}
	EndGlobalSection
EndGlobal
